
Microsoft Visual Studio Solution File, Format Version 12.00
# Visual Studio 15
VisualStudioVersion = 15.0.28307.271
MinimumVisualStudioVersion = 10.0.40219.1
Project("{FAE04EC0-301F-11D3-BF4B-00C04F79EFBC}") = "Sommerland.Entities", "Sommerland.Entities\Sommerland.Entities.csproj", "{7ADEF2DA-E8E8-4981-A33B-92A27CE0D20D}"
EndProject
Project("{FAE04EC0-301F-11D3-BF4B-00C04F79EFBC}") = "Sommerland.DAL", "Sommerland.DAL\Sommerland.DAL.csproj", "{800047DF-5C5A-41E5-AF4F-6468EE1F4A7B}"
EndProject
Project("{FAE04EC0-301F-11D3-BF4B-00C04F79EFBC}") = "Sommerland.Web", "Sommerland.Web\Sommerland.Web.csproj", "{C5A6EDB2-7D26-4C0A-BCEB-28E6DC4B7862}"
EndProject
Global
	GlobalSection(SolutionConfigurationPlatforms) = preSolution
		Debug|Any CPU = Debug|Any CPU
		Release|Any CPU = Release|Any CPU
	EndGlobalSection
	GlobalSection(ProjectConfigurationPlatforms) = postSolution
		{7ADEF2DA-E8E8-4981-A33B-92A27CE0D20D}.Debug|Any CPU.ActiveCfg = Debug|Any CPU
		{7ADEF2DA-E8E8-4981-A33B-92A27CE0D20D}.Debug|Any CPU.Build.0 = Debug|Any CPU
		{7ADEF2DA-E8E8-4981-A33B-92A27CE0D20D}.Release|Any CPU.ActiveCfg = Release|Any CPU
		{7ADEF2DA-E8E8-4981-A33B-92A27CE0D20D}.Release|Any CPU.Build.0 = Release|Any CPU
		{800047DF-5C5A-41E5-AF4F-6468EE1F4A7B}.Debug|Any CPU.ActiveCfg = Debug|Any CPU
		{800047DF-5C5A-41E5-AF4F-6468EE1F4A7B}.Debug|Any CPU.Build.0 = Debug|Any CPU
		{800047DF-5C5A-41E5-AF4F-6468EE1F4A7B}.Release|Any CPU.ActiveCfg = Release|Any CPU
		{800047DF-5C5A-41E5-AF4F-6468EE1F4A7B}.Release|Any CPU.Build.0 = Release|Any CPU
		{C5A6EDB2-7D26-4C0A-BCEB-28E6DC4B7862}.Debug|Any CPU.ActiveCfg = Debug|Any CPU
		{C5A6EDB2-7D26-4C0A-BCEB-28E6DC4B7862}.Debug|Any CPU.Build.0 = Debug|Any CPU
		{C5A6EDB2-7D26-4C0A-BCEB-28E6DC4B7862}.Release|Any CPU.ActiveCfg = Release|Any CPU
		{C5A6EDB2-7D26-4C0A-BCEB-28E6DC4B7862}.Release|Any CPU.Build.0 = Release|Any CPU
	EndGlobalSection
	GlobalSection(SolutionProperties) = preSolution
		HideSolutionNode = FALSE
	EndGlobalSection
	GlobalSection(ExtensibilityGlobals) = postSolution
		SolutionGuid = {A8CBE483-2BDE-4C59-987E-4F4E44AE40B0}
	EndGlobalSection
EndGlobal
